// !$*UTF8*$!
{
	archiveVersion = 1;
	classes = {
	};
	objectVersion = 46;
	objects = {

/* Begin PBXBuildFile section */
		3554649CE2FCB79134885826 /* libPods-MFCampaignEngagement.a in Frameworks */ = {isa = PBXBuildFile; fileRef = F2EBDCB5D5B04BF527D66467 /* libPods-MFCampaignEngagement.a */; };
		8C822D631CDF809A0061C2F3 /* scene_mountainBackground.png in Resources */ = {isa = PBXBuildFile; fileRef = 8C822D621CDF809A0061C2F3 /* scene_mountainBackground.png */; };
		8C9BC1D91C2FA9580034849F /* MFAlertWindow.m in Sources */ = {isa = PBXBuildFile; fileRef = 8C9BC1D81C2FA9580034849F /* MFAlertWindow.m */; };
		8C9CBB4A1C317FA10015D747 /* ChildhoodController.m in Sources */ = {isa = PBXBuildFile; fileRef = 8C9CBB491C317FA10015D747 /* ChildhoodController.m */; };
		8CBA541F1CE0DA5C00727739 /* busBackground.png in Resources */ = {isa = PBXBuildFile; fileRef = 8CBA541E1CE0DA5C00727739 /* busBackground.png */; };
		8CBA54211CE0E18800727739 /* bus.png in Resources */ = {isa = PBXBuildFile; fileRef = 8CBA54201CE0E18800727739 /* bus.png */; };
		8CD9A10F1CE2208100139BA2 /* church.png in Resources */ = {isa = PBXBuildFile; fileRef = 8CD9A10E1CE2208100139BA2 /* church.png */; };
		8CD9A1111CE221BF00139BA2 /* palace.png in Resources */ = {isa = PBXBuildFile; fileRef = 8CD9A1101CE221BF00139BA2 /* palace.png */; };
		8CD9A1131CE2277300139BA2 /* teashop.png in Resources */ = {isa = PBXBuildFile; fileRef = 8CD9A1121CE2277300139BA2 /* teashop.png */; };
		CE2D4D831C3F482100DBBF79 /* little_icon_ballon.png in Resources */ = {isa = PBXBuildFile; fileRef = CE2D4D511C3F482100DBBF79 /* little_icon_ballon.png */; };
		CE2D4D841C3F482100DBBF79 /* little_icon_bear.png in Resources */ = {isa = PBXBuildFile; fileRef = CE2D4D521C3F482100DBBF79 /* little_icon_bear.png */; };
		CE2D4D851C3F482100DBBF79 /* little_icon_bed.png in Resources */ = {isa = PBXBuildFile; fileRef = CE2D4D531C3F482100DBBF79 /* little_icon_bed.png */; };
		CE2D4D861C3F482100DBBF79 /* little_icon_bell.png in Resources */ = {isa = PBXBuildFile; fileRef = CE2D4D541C3F482100DBBF79 /* little_icon_bell.png */; };
		CE2D4D871C3F482100DBBF79 /* little_icon_bike.png in Resources */ = {isa = PBXBuildFile; fileRef = CE2D4D551C3F482100DBBF79 /* little_icon_bike.png */; };
		CE2D4D881C3F482100DBBF79 /* little_icon_bowArrow.png in Resources */ = {isa = PBXBuildFile; fileRef = CE2D4D561C3F482100DBBF79 /* little_icon_bowArrow.png */; };
		CE2D4D891C3F482100DBBF79 /* little_icon_bowTie.png in Resources */ = {isa = PBXBuildFile; fileRef = CE2D4D571C3F482100DBBF79 /* little_icon_bowTie.png */; };
		CE2D4D8A1C3F482100DBBF79 /* little_icon_bride.png in Resources */ = {isa = PBXBuildFile; fileRef = CE2D4D581C3F482100DBBF79 /* little_icon_bride.png */; };
		CE2D4D8B1C3F482100DBBF79 /* little_icon_bridegroom.png in Resources */ = {isa = PBXBuildFile; fileRef = CE2D4D591C3F482100DBBF79 /* little_icon_bridegroom.png */; };
		CE2D4D8C1C3F482100DBBF79 /* little_icon_butterfly.png in Resources */ = {isa = PBXBuildFile; fileRef = CE2D4D5A1C3F482100DBBF79 /* little_icon_butterfly.png */; };
		CE2D4D8D1C3F482100DBBF79 /* little_icon_cake.png in Resources */ = {isa = PBXBuildFile; fileRef = CE2D4D5B1C3F482100DBBF79 /* little_icon_cake.png */; };
		CE2D4D8E1C3F482100DBBF79 /* little_icon_card.png in Resources */ = {isa = PBXBuildFile; fileRef = CE2D4D5C1C3F482100DBBF79 /* little_icon_card.png */; };
		CE2D4D8F1C3F482100DBBF79 /* little_icon_champagene.png in Resources */ = {isa = PBXBuildFile; fileRef = CE2D4D5D1C3F482100DBBF79 /* little_icon_champagene.png */; };
		CE2D4D901C3F482100DBBF79 /* little_icon_cheers.png in Resources */ = {isa = PBXBuildFile; fileRef = CE2D4D5E1C3F482100DBBF79 /* little_icon_cheers.png */; };
		CE2D4D911C3F482100DBBF79 /* little_icon_church.png in Resources */ = {isa = PBXBuildFile; fileRef = CE2D4D5F1C3F482100DBBF79 /* little_icon_church.png */; };
		CE2D4D921C3F482100DBBF79 /* little_icon_couple.png in Resources */ = {isa = PBXBuildFile; fileRef = CE2D4D601C3F482100DBBF79 /* little_icon_couple.png */; };
		CE2D4D931C3F482100DBBF79 /* little_icon_dessert.png in Resources */ = {isa = PBXBuildFile; fileRef = CE2D4D611C3F482100DBBF79 /* little_icon_dessert.png */; };
		CE2D4D941C3F482100DBBF79 /* little_icon_dinner.png in Resources */ = {isa = PBXBuildFile; fileRef = CE2D4D621C3F482100DBBF79 /* little_icon_dinner.png */; };
		CE2D4D951C3F482100DBBF79 /* little_icon_dinnerCandle.png in Resources */ = {isa = PBXBuildFile; fileRef = CE2D4D631C3F482100DBBF79 /* little_icon_dinnerCandle.png */; };
		CE2D4D961C3F482100DBBF79 /* little_icon_dish.png in Resources */ = {isa = PBXBuildFile; fileRef = CE2D4D641C3F482100DBBF79 /* little_icon_dish.png */; };
		CE2D4D971C3F482100DBBF79 /* little_icon_doorplate.png in Resources */ = {isa = PBXBuildFile; fileRef = CE2D4D651C3F482100DBBF79 /* little_icon_doorplate.png */; };
		CE2D4D981C3F482100DBBF79 /* little_icon_doubleHeart.png in Resources */ = {isa = PBXBuildFile; fileRef = CE2D4D661C3F482100DBBF79 /* little_icon_doubleHeart.png */; };
		CE2D4D991C3F482100DBBF79 /* little_icon_doubleRings.png in Resources */ = {isa = PBXBuildFile; fileRef = CE2D4D671C3F482100DBBF79 /* little_icon_doubleRings.png */; };
		CE2D4D9A1C3F482100DBBF79 /* little_icon_flower.png in Resources */ = {isa = PBXBuildFile; fileRef = CE2D4D681C3F482100DBBF79 /* little_icon_flower.png */; };
		CE2D4D9B1C3F482100DBBF79 /* little_icon_gift.png in Resources */ = {isa = PBXBuildFile; fileRef = CE2D4D691C3F482100DBBF79 /* little_icon_gift.png */; };
		CE2D4D9C1C3F482100DBBF79 /* little_icon_heartArrow.png in Resources */ = {isa = PBXBuildFile; fileRef = CE2D4D6A1C3F482100DBBF79 /* little_icon_heartArrow.png */; };
		CE2D4D9D1C3F482100DBBF79 /* little_icon_highHeels.png in Resources */ = {isa = PBXBuildFile; fileRef = CE2D4D6B1C3F482100DBBF79 /* little_icon_highHeels.png */; };
		CE2D4D9E1C3F482100DBBF79 /* little_icon_house.png in Resources */ = {isa = PBXBuildFile; fileRef = CE2D4D6C1C3F482100DBBF79 /* little_icon_house.png */; };
		CE2D4D9F1C3F482100DBBF79 /* little_icon_leatherShoe.png in Resources */ = {isa = PBXBuildFile; fileRef = CE2D4D6D1C3F482100DBBF79 /* little_icon_leatherShoe.png */; };
		CE2D4DA01C3F482100DBBF79 /* little_icon_letter.png in Resources */ = {isa = PBXBuildFile; fileRef = CE2D4D6E1C3F482100DBBF79 /* little_icon_letter.png */; };
		CE2D4DA11C3F482100DBBF79 /* little_icon_list.png in Resources */ = {isa = PBXBuildFile; fileRef = CE2D4D6F1C3F482100DBBF79 /* little_icon_list.png */; };
		CE2D4DA21C3F482100DBBF79 /* little_icon_location.png in Resources */ = {isa = PBXBuildFile; fileRef = CE2D4D701C3F482100DBBF79 /* little_icon_location.png */; };
		CE2D4DA31C3F482100DBBF79 /* little_icon_lock.png in Resources */ = {isa = PBXBuildFile; fileRef = CE2D4D711C3F482100DBBF79 /* little_icon_lock.png */; };
		CE2D4DA41C3F482100DBBF79 /* little_icon_log.png in Resources */ = {isa = PBXBuildFile; fileRef = CE2D4D721C3F482100DBBF79 /* little_icon_log.png */; };
		CE2D4DA51C3F482100DBBF79 /* little_icon_musicalNote.png in Resources */ = {isa = PBXBuildFile; fileRef = CE2D4D731C3F482100DBBF79 /* little_icon_musicalNote.png */; };
		CE2D4DA61C3F482100DBBF79 /* little_icon_necklace.png in Resources */ = {isa = PBXBuildFile; fileRef = CE2D4D741C3F482100DBBF79 /* little_icon_necklace.png */; };
		CE2D4DA71C3F482100DBBF79 /* little_icon_rainbow.png in Resources */ = {isa = PBXBuildFile; fileRef = CE2D4D751C3F482100DBBF79 /* little_icon_rainbow.png */; };
		CE2D4DA81C3F482100DBBF79 /* little_icon_ring.png in Resources */ = {isa = PBXBuildFile; fileRef = CE2D4D761C3F482100DBBF79 /* little_icon_ring.png */; };
		CE2D4DA91C3F482100DBBF79 /* little_icon_ringBox.png in Resources */ = {isa = PBXBuildFile; fileRef = CE2D4D771C3F482100DBBF79 /* little_icon_ringBox.png */; };
		CE2D4DAA1C3F482100DBBF79 /* little_icon_rose.png in Resources */ = {isa = PBXBuildFile; fileRef = CE2D4D781C3F482100DBBF79 /* little_icon_rose.png */; };
		CE2D4DAB1C3F482100DBBF79 /* little_icon_sex.png in Resources */ = {isa = PBXBuildFile; fileRef = CE2D4D791C3F482100DBBF79 /* little_icon_sex.png */; };
		CE2D4DAC1C3F482100DBBF79 /* little_icon_talking.png in Resources */ = {isa = PBXBuildFile; fileRef = CE2D4D7A1C3F482100DBBF79 /* little_icon_talking.png */; };
		CE2D4DAD1C3F482100DBBF79 /* little_icon_travellingCase.png in Resources */ = {isa = PBXBuildFile; fileRef = CE2D4D7B1C3F482100DBBF79 /* little_icon_travellingCase.png */; };
		CE2D4DAE1C3F482100DBBF79 /* little_icon_vedio.png in Resources */ = {isa = PBXBuildFile; fileRef = CE2D4D7C1C3F482100DBBF79 /* little_icon_vedio.png */; };
		CE2D4DAF1C3F482100DBBF79 /* little_icon_waitter.png in Resources */ = {isa = PBXBuildFile; fileRef = CE2D4D7D1C3F482100DBBF79 /* little_icon_waitter.png */; };
		CE2D4DB01C3F482100DBBF79 /* little_icon_weddingCake.png in Resources */ = {isa = PBXBuildFile; fileRef = CE2D4D7E1C3F482100DBBF79 /* little_icon_weddingCake.png */; };
		CE2D4DB11C3F482100DBBF79 /* little_icon_weddingDress.png in Resources */ = {isa = PBXBuildFile; fileRef = CE2D4D7F1C3F482100DBBF79 /* little_icon_weddingDress.png */; };
		CE2D4DB21C3F482100DBBF79 /* little_icon_weddingGate.png in Resources */ = {isa = PBXBuildFile; fileRef = CE2D4D801C3F482100DBBF79 /* little_icon_weddingGate.png */; };
		CE2D4DB31C3F482100DBBF79 /* little_icon_weddingOutfit.png in Resources */ = {isa = PBXBuildFile; fileRef = CE2D4D811C3F482100DBBF79 /* little_icon_weddingOutfit.png */; };
		CE2D4DB41C3F482100DBBF79 /* little_icon_wine.png in Resources */ = {isa = PBXBuildFile; fileRef = CE2D4D821C3F482100DBBF79 /* little_icon_wine.png */; };
		CE2D4DBC1C3F9EA300DBBF79 /* scene_bigCloud.png in Resources */ = {isa = PBXBuildFile; fileRef = CE2D4DB71C3F9EA300DBBF79 /* scene_bigCloud.png */; };
		CE2D4DBD1C3F9EA300DBBF79 /* scene_littleCloud1.png in Resources */ = {isa = PBXBuildFile; fileRef = CE2D4DB81C3F9EA300DBBF79 /* scene_littleCloud1.png */; };
		CE2D4DBE1C3F9EA300DBBF79 /* scene_littleCloud2.png in Resources */ = {isa = PBXBuildFile; fileRef = CE2D4DB91C3F9EA300DBBF79 /* scene_littleCloud2.png */; };
		CE2D4DBF1C3F9EA300DBBF79 /* scene_middleCloud.png in Resources */ = {isa = PBXBuildFile; fileRef = CE2D4DBA1C3F9EA300DBBF79 /* scene_middleCloud.png */; };
		CE2D4DC01C3F9EA300DBBF79 /* scene_sun.png in Resources */ = {isa = PBXBuildFile; fileRef = CE2D4DBB1C3F9EA300DBBF79 /* scene_sun.png */; };
		CE2D4DC31C4111A200DBBF79 /* backgroud_transparentNavigationbar.png in Resources */ = {isa = PBXBuildFile; fileRef = CE2D4DC21C4111A200DBBF79 /* backgroud_transparentNavigationbar.png */; };
		CE2D4DC71C43B07900DBBF79 /* MainScreenScrollView.m in Sources */ = {isa = PBXBuildFile; fileRef = CE2D4DC61C43B07900DBBF79 /* MainScreenScrollView.m */; };
		CE2D4DD31C44958100DBBF79 /* RomanticMusicHelper.m in Sources */ = {isa = PBXBuildFile; fileRef = CE2D4DD21C44958100DBBF79 /* RomanticMusicHelper.m */; };
		CE2D4DD61C44A33100DBBF79 /* DirectoryWatcher.m in Sources */ = {isa = PBXBuildFile; fileRef = CE2D4DD51C44A33100DBBF79 /* DirectoryWatcher.m */; };
		CE2D4DD81C44E5AA00DBBF79 /* AVFoundation.framework in Frameworks */ = {isa = PBXBuildFile; fileRef = CE2D4DD71C44E5AA00DBBF79 /* AVFoundation.framework */; };
		CE30591C1C322A5200ABD92A /* button_setting@2x.png in Resources */ = {isa = PBXBuildFile; fileRef = CE30591B1C322A5200ABD92A /* button_setting@2x.png */; };
		CE3059271C33E7C400ABD92A /* jenior.png in Resources */ = {isa = PBXBuildFile; fileRef = CE3059261C33E7C400ABD92A /* jenior.png */; };
		CE3059291C33E8FF00ABD92A /* senior.png in Resources */ = {isa = PBXBuildFile; fileRef = CE3059281C33E8FF00ABD92A /* senior.png */; };
		CE30592B1C33E95600ABD92A /* child.png in Resources */ = {isa = PBXBuildFile; fileRef = CE30592A1C33E95600ABD92A /* child.png */; };
		CE8140361C4C900500729368 /* Geu Dae Wa Na.mp3 in Resources */ = {isa = PBXBuildFile; fileRef = CE8140321C4C900500729368 /* Geu Dae Wa Na.mp3 */; };
		CE8140371C4C900500729368 /* Moonlight Shadow.mp3 in Resources */ = {isa = PBXBuildFile; fileRef = CE8140331C4C900500729368 /* Moonlight Shadow.mp3 */; };
		CE8140381C4C900500729368 /* Na Ppeun Yeo Ja Ya .mp3 in Resources */ = {isa = PBXBuildFile; fileRef = CE8140341C4C900500729368 /* Na Ppeun Yeo Ja Ya .mp3 */; };
		CE8140391C4C900500729368 /* 爱你.mp3 in Resources */ = {isa = PBXBuildFile; fileRef = CE8140351C4C900500729368 /* 爱你.mp3 */; };
		CE903F1B1C082E0D00730C7A /* MainStoryView.m in Sources */ = {isa = PBXBuildFile; fileRef = CE903F1A1C082E0D00730C7A /* MainStoryView.m */; };
		CED48B1C1C0C02770050B9FD /* UIView+MFViewTools.m in Sources */ = {isa = PBXBuildFile; fileRef = CED48B1B1C0C02770050B9FD /* UIView+MFViewTools.m */; };
		CED48B301C0EE36B0050B9FD /* MainBackground.png in Resources */ = {isa = PBXBuildFile; fileRef = CED48B2F1C0EE36B0050B9FD /* MainBackground.png */; };
		CEFE68241C0300B6003103B2 /* main.m in Sources */ = {isa = PBXBuildFile; fileRef = CEFE68231C0300B6003103B2 /* main.m */; };
		CEFE68271C0300B6003103B2 /* AppDelegate.m in Sources */ = {isa = PBXBuildFile; fileRef = CEFE68261C0300B6003103B2 /* AppDelegate.m */; };
		CEFE682A1C0300B6003103B2 /* ViewController.m in Sources */ = {isa = PBXBuildFile; fileRef = CEFE68291C0300B6003103B2 /* ViewController.m */; };
		CEFE682D1C0300B6003103B2 /* Main.storyboard in Resources */ = {isa = PBXBuildFile; fileRef = CEFE682B1C0300B6003103B2 /* Main.storyboard */; };
		CEFE682F1C0300B6003103B2 /* Assets.xcassets in Resources */ = {isa = PBXBuildFile; fileRef = CEFE682E1C0300B6003103B2 /* Assets.xcassets */; };
		CEFE68321C0300B6003103B2 /* LaunchScreen.storyboard in Resources */ = {isa = PBXBuildFile; fileRef = CEFE68301C0300B6003103B2 /* LaunchScreen.storyboard */; };
/* End PBXBuildFile section */

/* Begin PBXFileReference section */
		5FBD066472EEE799CA687813 /* Pods-MFCampaignEngagement.release.xcconfig */ = {isa = PBXFileReference; includeInIndex = 1; lastKnownFileType = text.xcconfig; name = "Pods-MFCampaignEngagement.release.xcconfig"; path = "Pods/Target Support Files/Pods-MFCampaignEngagement/Pods-MFCampaignEngagement.release.xcconfig"; sourceTree = "<group>"; };
		8C822D621CDF809A0061C2F3 /* scene_mountainBackground.png */ = {isa = PBXFileReference; lastKnownFileType = image.png; path = scene_mountainBackground.png; sourceTree = "<group>"; };
		8C9BC1D71C2FA9580034849F /* MFAlertWindow.h */ = {isa = PBXFileReference; fileEncoding = 4; lastKnownFileType = sourcecode.c.h; path = MFAlertWindow.h; sourceTree = "<group>"; };
		8C9BC1D81C2FA9580034849F /* MFAlertWindow.m */ = {isa = PBXFileReference; fileEncoding = 4; lastKnownFileType = sourcecode.c.objc; path = MFAlertWindow.m; sourceTree = "<group>"; };
		8C9CBB481C317FA10015D747 /* ChildhoodController.h */ = {isa = PBXFileReference; fileEncoding = 4; lastKnownFileType = sourcecode.c.h; path = ChildhoodController.h; sourceTree = "<group>"; };
		8C9CBB491C317FA10015D747 /* ChildhoodController.m */ = {isa = PBXFileReference; fileEncoding = 4; lastKnownFileType = sourcecode.c.objc; path = ChildhoodController.m; sourceTree = "<group>"; };
		8CBA541E1CE0DA5C00727739 /* busBackground.png */ = {isa = PBXFileReference; lastKnownFileType = image.png; path = busBackground.png; sourceTree = "<group>"; };
		8CBA54201CE0E18800727739 /* bus.png */ = {isa = PBXFileReference; lastKnownFileType = image.png; path = bus.png; sourceTree = "<group>"; };
		8CCF8AAC1C0C98A7003C1334 /* MFMacro.h */ = {isa = PBXFileReference; fileEncoding = 4; lastKnownFileType = sourcecode.c.h; path = MFMacro.h; sourceTree = "<group>"; };
		8CD9A10E1CE2208100139BA2 /* church.png */ = {isa = PBXFileReference; lastKnownFileType = image.png; path = church.png; sourceTree = "<group>"; };
		8CD9A1101CE221BF00139BA2 /* palace.png */ = {isa = PBXFileReference; lastKnownFileType = image.png; path = palace.png; sourceTree = "<group>"; };
		8CD9A1121CE2277300139BA2 /* teashop.png */ = {isa = PBXFileReference; lastKnownFileType = image.png; path = teashop.png; sourceTree = "<group>"; };
		C262448DF578C297F1E25056 /* Pods-MFCampaignEngagement.debug.xcconfig */ = {isa = PBXFileReference; includeInIndex = 1; lastKnownFileType = text.xcconfig; name = "Pods-MFCampaignEngagement.debug.xcconfig"; path = "Pods/Target Support Files/Pods-MFCampaignEngagement/Pods-MFCampaignEngagement.debug.xcconfig"; sourceTree = "<group>"; };
		CE2D4D511C3F482100DBBF79 /* little_icon_ballon.png */ = {isa = PBXFileReference; lastKnownFileType = image.png; path = little_icon_ballon.png; sourceTree = "<group>"; };
		CE2D4D521C3F482100DBBF79 /* little_icon_bear.png */ = {isa = PBXFileReference; lastKnownFileType = image.png; path = little_icon_bear.png; sourceTree = "<group>"; };
		CE2D4D531C3F482100DBBF79 /* little_icon_bed.png */ = {isa = PBXFileReference; lastKnownFileType = image.png; path = little_icon_bed.png; sourceTree = "<group>"; };
		CE2D4D541C3F482100DBBF79 /* little_icon_bell.png */ = {isa = PBXFileReference; lastKnownFileType = image.png; path = little_icon_bell.png; sourceTree = "<group>"; };
		CE2D4D551C3F482100DBBF79 /* little_icon_bike.png */ = {isa = PBXFileReference; lastKnownFileType = image.png; path = little_icon_bike.png; sourceTree = "<group>"; };
		CE2D4D561C3F482100DBBF79 /* little_icon_bowArrow.png */ = {isa = PBXFileReference; lastKnownFileType = image.png; path = little_icon_bowArrow.png; sourceTree = "<group>"; };
		CE2D4D571C3F482100DBBF79 /* little_icon_bowTie.png */ = {isa = PBXFileReference; lastKnownFileType = image.png; path = little_icon_bowTie.png; sourceTree = "<group>"; };
		CE2D4D581C3F482100DBBF79 /* little_icon_bride.png */ = {isa = PBXFileReference; lastKnownFileType = image.png; path = little_icon_bride.png; sourceTree = "<group>"; };
		CE2D4D591C3F482100DBBF79 /* little_icon_bridegroom.png */ = {isa = PBXFileReference; lastKnownFileType = image.png; path = little_icon_bridegroom.png; sourceTree = "<group>"; };
		CE2D4D5A1C3F482100DBBF79 /* little_icon_butterfly.png */ = {isa = PBXFileReference; lastKnownFileType = image.png; path = little_icon_butterfly.png; sourceTree = "<group>"; };
		CE2D4D5B1C3F482100DBBF79 /* little_icon_cake.png */ = {isa = PBXFileReference; lastKnownFileType = image.png; path = little_icon_cake.png; sourceTree = "<group>"; };
		CE2D4D5C1C3F482100DBBF79 /* little_icon_card.png */ = {isa = PBXFileReference; lastKnownFileType = image.png; path = little_icon_card.png; sourceTree = "<group>"; };
		CE2D4D5D1C3F482100DBBF79 /* little_icon_champagene.png */ = {isa = PBXFileReference; lastKnownFileType = image.png; path = little_icon_champagene.png; sourceTree = "<group>"; };
		CE2D4D5E1C3F482100DBBF79 /* little_icon_cheers.png */ = {isa = PBXFileReference; lastKnownFileType = image.png; path = little_icon_cheers.png; sourceTree = "<group>"; };
		CE2D4D5F1C3F482100DBBF79 /* little_icon_church.png */ = {isa = PBXFileReference; lastKnownFileType = image.png; path = little_icon_church.png; sourceTree = "<group>"; };
		CE2D4D601C3F482100DBBF79 /* little_icon_couple.png */ = {isa = PBXFileReference; lastKnownFileType = image.png; path = little_icon_couple.png; sourceTree = "<group>"; };
		CE2D4D611C3F482100DBBF79 /* little_icon_dessert.png */ = {isa = PBXFileReference; lastKnownFileType = image.png; path = little_icon_dessert.png; sourceTree = "<group>"; };
		CE2D4D621C3F482100DBBF79 /* little_icon_dinner.png */ = {isa = PBXFileReference; lastKnownFileType = image.png; path = little_icon_dinner.png; sourceTree = "<group>"; };
		CE2D4D631C3F482100DBBF79 /* little_icon_dinnerCandle.png */ = {isa = PBXFileReference; lastKnownFileType = image.png; path = little_icon_dinnerCandle.png; sourceTree = "<group>"; };
		CE2D4D641C3F482100DBBF79 /* little_icon_dish.png */ = {isa = PBXFileReference; lastKnownFileType = image.png; path = little_icon_dish.png; sourceTree = "<group>"; };
		CE2D4D651C3F482100DBBF79 /* little_icon_doorplate.png */ = {isa = PBXFileReference; lastKnownFileType = image.png; path = little_icon_doorplate.png; sourceTree = "<group>"; };
		CE2D4D661C3F482100DBBF79 /* little_icon_doubleHeart.png */ = {isa = PBXFileReference; lastKnownFileType = image.png; path = little_icon_doubleHeart.png; sourceTree = "<group>"; };
		CE2D4D671C3F482100DBBF79 /* little_icon_doubleRings.png */ = {isa = PBXFileReference; lastKnownFileType = image.png; path = little_icon_doubleRings.png; sourceTree = "<group>"; };
		CE2D4D681C3F482100DBBF79 /* little_icon_flower.png */ = {isa = PBXFileReference; lastKnownFileType = image.png; path = little_icon_flower.png; sourceTree = "<group>"; };
		CE2D4D691C3F482100DBBF79 /* little_icon_gift.png */ = {isa = PBXFileReference; lastKnownFileType = image.png; path = little_icon_gift.png; sourceTree = "<group>"; };
		CE2D4D6A1C3F482100DBBF79 /* little_icon_heartArrow.png */ = {isa = PBXFileReference; lastKnownFileType = image.png; path = little_icon_heartArrow.png; sourceTree = "<group>"; };
		CE2D4D6B1C3F482100DBBF79 /* little_icon_highHeels.png */ = {isa = PBXFileReference; lastKnownFileType = image.png; path = little_icon_highHeels.png; sourceTree = "<group>"; };
		CE2D4D6C1C3F482100DBBF79 /* little_icon_house.png */ = {isa = PBXFileReference; lastKnownFileType = image.png; path = little_icon_house.png; sourceTree = "<group>"; };
		CE2D4D6D1C3F482100DBBF79 /* little_icon_leatherShoe.png */ = {isa = PBXFileReference; lastKnownFileType = image.png; path = little_icon_leatherShoe.png; sourceTree = "<group>"; };
		CE2D4D6E1C3F482100DBBF79 /* little_icon_letter.png */ = {isa = PBXFileReference; lastKnownFileType = image.png; path = little_icon_letter.png; sourceTree = "<group>"; };
		CE2D4D6F1C3F482100DBBF79 /* little_icon_list.png */ = {isa = PBXFileReference; lastKnownFileType = image.png; path = little_icon_list.png; sourceTree = "<group>"; };
		CE2D4D701C3F482100DBBF79 /* little_icon_location.png */ = {isa = PBXFileReference; lastKnownFileType = image.png; path = little_icon_location.png; sourceTree = "<group>"; };
		CE2D4D711C3F482100DBBF79 /* little_icon_lock.png */ = {isa = PBXFileReference; lastKnownFileType = image.png; path = little_icon_lock.png; sourceTree = "<group>"; };
		CE2D4D721C3F482100DBBF79 /* little_icon_log.png */ = {isa = PBXFileReference; lastKnownFileType = image.png; path = little_icon_log.png; sourceTree = "<group>"; };
		CE2D4D731C3F482100DBBF79 /* little_icon_musicalNote.png */ = {isa = PBXFileReference; lastKnownFileType = image.png; path = little_icon_musicalNote.png; sourceTree = "<group>"; };
		CE2D4D741C3F482100DBBF79 /* little_icon_necklace.png */ = {isa = PBXFileReference; lastKnownFileType = image.png; path = little_icon_necklace.png; sourceTree = "<group>"; };
		CE2D4D751C3F482100DBBF79 /* little_icon_rainbow.png */ = {isa = PBXFileReference; lastKnownFileType = image.png; path = little_icon_rainbow.png; sourceTree = "<group>"; };
		CE2D4D761C3F482100DBBF79 /* little_icon_ring.png */ = {isa = PBXFileReference; lastKnownFileType = image.png; path = little_icon_ring.png; sourceTree = "<group>"; };
		CE2D4D771C3F482100DBBF79 /* little_icon_ringBox.png */ = {isa = PBXFileReference; lastKnownFileType = image.png; path = little_icon_ringBox.png; sourceTree = "<group>"; };
		CE2D4D781C3F482100DBBF79 /* little_icon_rose.png */ = {isa = PBXFileReference; lastKnownFileType = image.png; path = little_icon_rose.png; sourceTree = "<group>"; };
		CE2D4D791C3F482100DBBF79 /* little_icon_sex.png */ = {isa = PBXFileReference; lastKnownFileType = image.png; path = little_icon_sex.png; sourceTree = "<group>"; };
		CE2D4D7A1C3F482100DBBF79 /* little_icon_talking.png */ = {isa = PBXFileReference; lastKnownFileType = image.png; path = little_icon_talking.png; sourceTree = "<group>"; };
		CE2D4D7B1C3F482100DBBF79 /* little_icon_travellingCase.png */ = {isa = PBXFileReference; lastKnownFileType = image.png; path = little_icon_travellingCase.png; sourceTree = "<group>"; };
		CE2D4D7C1C3F482100DBBF79 /* little_icon_vedio.png */ = {isa = PBXFileReference; lastKnownFileType = image.png; path = little_icon_vedio.png; sourceTree = "<group>"; };
		CE2D4D7D1C3F482100DBBF79 /* little_icon_waitter.png */ = {isa = PBXFileReference; lastKnownFileType = image.png; path = little_icon_waitter.png; sourceTree = "<group>"; };
		CE2D4D7E1C3F482100DBBF79 /* little_icon_weddingCake.png */ = {isa = PBXFileReference; lastKnownFileType = image.png; path = little_icon_weddingCake.png; sourceTree = "<group>"; };
		CE2D4D7F1C3F482100DBBF79 /* little_icon_weddingDress.png */ = {isa = PBXFileReference; lastKnownFileType = image.png; path = little_icon_weddingDress.png; sourceTree = "<group>"; };
		CE2D4D801C3F482100DBBF79 /* little_icon_weddingGate.png */ = {isa = PBXFileReference; lastKnownFileType = image.png; path = little_icon_weddingGate.png; sourceTree = "<group>"; };
		CE2D4D811C3F482100DBBF79 /* little_icon_weddingOutfit.png */ = {isa = PBXFileReference; lastKnownFileType = image.png; path = little_icon_weddingOutfit.png; sourceTree = "<group>"; };
		CE2D4D821C3F482100DBBF79 /* little_icon_wine.png */ = {isa = PBXFileReference; lastKnownFileType = image.png; path = little_icon_wine.png; sourceTree = "<group>"; };
		CE2D4DB71C3F9EA300DBBF79 /* scene_bigCloud.png */ = {isa = PBXFileReference; lastKnownFileType = image.png; path = scene_bigCloud.png; sourceTree = "<group>"; };
		CE2D4DB81C3F9EA300DBBF79 /* scene_littleCloud1.png */ = {isa = PBXFileReference; lastKnownFileType = image.png; path = scene_littleCloud1.png; sourceTree = "<group>"; };
		CE2D4DB91C3F9EA300DBBF79 /* scene_littleCloud2.png */ = {isa = PBXFileReference; lastKnownFileType = image.png; path = scene_littleCloud2.png; sourceTree = "<group>"; };
		CE2D4DBA1C3F9EA300DBBF79 /* scene_middleCloud.png */ = {isa = PBXFileReference; lastKnownFileType = image.png; path = scene_middleCloud.png; sourceTree = "<group>"; };
		CE2D4DBB1C3F9EA300DBBF79 /* scene_sun.png */ = {isa = PBXFileReference; lastKnownFileType = image.png; path = scene_sun.png; sourceTree = "<group>"; };
		CE2D4DC21C4111A200DBBF79 /* backgroud_transparentNavigationbar.png */ = {isa = PBXFileReference; lastKnownFileType = image.png; path = backgroud_transparentNavigationbar.png; sourceTree = "<group>"; };
		CE2D4DC51C43B07900DBBF79 /* MainScreenScrollView.h */ = {isa = PBXFileReference; fileEncoding = 4; lastKnownFileType = sourcecode.c.h; path = MainScreenScrollView.h; sourceTree = "<group>"; };
		CE2D4DC61C43B07900DBBF79 /* MainScreenScrollView.m */ = {isa = PBXFileReference; fileEncoding = 4; lastKnownFileType = sourcecode.c.objc; path = MainScreenScrollView.m; sourceTree = "<group>"; };
		CE2D4DD11C44958100DBBF79 /* RomanticMusicHelper.h */ = {isa = PBXFileReference; fileEncoding = 4; lastKnownFileType = sourcecode.c.h; path = RomanticMusicHelper.h; sourceTree = "<group>"; };
		CE2D4DD21C44958100DBBF79 /* RomanticMusicHelper.m */ = {isa = PBXFileReference; fileEncoding = 4; lastKnownFileType = sourcecode.c.objc; path = RomanticMusicHelper.m; sourceTree = "<group>"; };
		CE2D4DD41C44A33100DBBF79 /* DirectoryWatcher.h */ = {isa = PBXFileReference; fileEncoding = 4; lastKnownFileType = sourcecode.c.h; path = DirectoryWatcher.h; sourceTree = "<group>"; };
		CE2D4DD51C44A33100DBBF79 /* DirectoryWatcher.m */ = {isa = PBXFileReference; fileEncoding = 4; lastKnownFileType = sourcecode.c.objc; path = DirectoryWatcher.m; sourceTree = "<group>"; };
		CE2D4DD71C44E5AA00DBBF79 /* AVFoundation.framework */ = {isa = PBXFileReference; lastKnownFileType = wrapper.framework; name = AVFoundation.framework; path = System/Library/Frameworks/AVFoundation.framework; sourceTree = SDKROOT; };
		CE30591B1C322A5200ABD92A /* button_setting@2x.png */ = {isa = PBXFileReference; lastKnownFileType = image.png; path = "button_setting@2x.png"; sourceTree = "<group>"; };
		CE3059261C33E7C400ABD92A /* jenior.png */ = {isa = PBXFileReference; lastKnownFileType = image.png; path = jenior.png; sourceTree = "<group>"; };
		CE3059281C33E8FF00ABD92A /* senior.png */ = {isa = PBXFileReference; lastKnownFileType = image.png; path = senior.png; sourceTree = "<group>"; };
		CE30592A1C33E95600ABD92A /* child.png */ = {isa = PBXFileReference; lastKnownFileType = image.png; path = child.png; sourceTree = "<group>"; };
		CE8140321C4C900500729368 /* Geu Dae Wa Na.mp3 */ = {isa = PBXFileReference; lastKnownFileType = audio.mp3; path = "Geu Dae Wa Na.mp3"; sourceTree = "<group>"; };
		CE8140331C4C900500729368 /* Moonlight Shadow.mp3 */ = {isa = PBXFileReference; lastKnownFileType = audio.mp3; path = "Moonlight Shadow.mp3"; sourceTree = "<group>"; };
		CE8140341C4C900500729368 /* Na Ppeun Yeo Ja Ya .mp3 */ = {isa = PBXFileReference; lastKnownFileType = audio.mp3; path = "Na Ppeun Yeo Ja Ya .mp3"; sourceTree = "<group>"; };
		CE8140351C4C900500729368 /* 爱你.mp3 */ = {isa = PBXFileReference; lastKnownFileType = audio.mp3; path = "爱你.mp3"; sourceTree = "<group>"; };
		CE903F191C082E0D00730C7A /* MainStoryView.h */ = {isa = PBXFileReference; fileEncoding = 4; lastKnownFileType = sourcecode.c.h; path = MainStoryView.h; sourceTree = "<group>"; };
		CE903F1A1C082E0D00730C7A /* MainStoryView.m */ = {isa = PBXFileReference; fileEncoding = 4; lastKnownFileType = sourcecode.c.objc; path = MainStoryView.m; sourceTree = "<group>"; };
		CED48B1A1C0C02770050B9FD /* UIView+MFViewTools.h */ = {isa = PBXFileReference; fileEncoding = 4; lastKnownFileType = sourcecode.c.h; path = "UIView+MFViewTools.h"; sourceTree = "<group>"; };
		CED48B1B1C0C02770050B9FD /* UIView+MFViewTools.m */ = {isa = PBXFileReference; fileEncoding = 4; lastKnownFileType = sourcecode.c.objc; path = "UIView+MFViewTools.m"; sourceTree = "<group>"; };
		CED48B2F1C0EE36B0050B9FD /* MainBackground.png */ = {isa = PBXFileReference; lastKnownFileType = image.png; path = MainBackground.png; sourceTree = "<group>"; };
		CEFE681F1C0300B6003103B2 /* MFCampaignEngagement.app */ = {isa = PBXFileReference; explicitFileType = wrapper.application; includeInIndex = 0; path = MFCampaignEngagement.app; sourceTree = BUILT_PRODUCTS_DIR; };
		CEFE68231C0300B6003103B2 /* main.m */ = {isa = PBXFileReference; lastKnownFileType = sourcecode.c.objc; path = main.m; sourceTree = "<group>"; };
		CEFE68251C0300B6003103B2 /* AppDelegate.h */ = {isa = PBXFileReference; lastKnownFileType = sourcecode.c.h; path = AppDelegate.h; sourceTree = "<group>"; };
		CEFE68261C0300B6003103B2 /* AppDelegate.m */ = {isa = PBXFileReference; lastKnownFileType = sourcecode.c.objc; path = AppDelegate.m; sourceTree = "<group>"; };
		CEFE68281C0300B6003103B2 /* ViewController.h */ = {isa = PBXFileReference; lastKnownFileType = sourcecode.c.h; path = ViewController.h; sourceTree = "<group>"; };
		CEFE68291C0300B6003103B2 /* ViewController.m */ = {isa = PBXFileReference; lastKnownFileType = sourcecode.c.objc; path = ViewController.m; sourceTree = "<group>"; };
		CEFE682C1C0300B6003103B2 /* Base */ = {isa = PBXFileReference; lastKnownFileType = file.storyboard; name = Base; path = Base.lproj/Main.storyboard; sourceTree = "<group>"; };
		CEFE682E1C0300B6003103B2 /* Assets.xcassets */ = {isa = PBXFileReference; lastKnownFileType = folder.assetcatalog; path = Assets.xcassets; sourceTree = "<group>"; };
		CEFE68311C0300B6003103B2 /* Base */ = {isa = PBXFileReference; lastKnownFileType = file.storyboard; name = Base; path = Base.lproj/LaunchScreen.storyboard; sourceTree = "<group>"; };
		CEFE68331C0300B6003103B2 /* Info.plist */ = {isa = PBXFileReference; lastKnownFileType = text.plist.xml; path = Info.plist; sourceTree = "<group>"; };
		F2EBDCB5D5B04BF527D66467 /* libPods-MFCampaignEngagement.a */ = {isa = PBXFileReference; explicitFileType = archive.ar; includeInIndex = 0; path = "libPods-MFCampaignEngagement.a"; sourceTree = BUILT_PRODUCTS_DIR; };
/* End PBXFileReference section */

/* Begin PBXFrameworksBuildPhase section */
		CEFE681C1C0300B6003103B2 /* Frameworks */ = {
			isa = PBXFrameworksBuildPhase;
			buildActionMask = 2147483647;
			files = (
				CE2D4DD81C44E5AA00DBBF79 /* AVFoundation.framework in Frameworks */,
				3554649CE2FCB79134885826 /* libPods-MFCampaignEngagement.a in Frameworks */,
			);
			runOnlyForDeploymentPostprocessing = 0;
		};
/* End PBXFrameworksBuildPhase section */

/* Begin PBXGroup section */
		107A17135F717B0A3A5BBA47 /* Pods */ = {
			isa = PBXGroup;
			children = (
				C262448DF578C297F1E25056 /* Pods-MFCampaignEngagement.debug.xcconfig */,
				5FBD066472EEE799CA687813 /* Pods-MFCampaignEngagement.release.xcconfig */,
			);
			name = Pods;
			sourceTree = "<group>";
		};
		5C75E8C427F830555D9EB755 /* Frameworks */ = {
			isa = PBXGroup;
			children = (
				CE2D4DD71C44E5AA00DBBF79 /* AVFoundation.framework */,
				F2EBDCB5D5B04BF527D66467 /* libPods-MFCampaignEngagement.a */,
			);
			name = Frameworks;
			sourceTree = "<group>";
		};
		8C9BC1D61C2FA8B90034849F /* Utilities */ = {
			isa = PBXGroup;
			children = (
				8C9BC1D71C2FA9580034849F /* MFAlertWindow.h */,
				8C9BC1D81C2FA9580034849F /* MFAlertWindow.m */,
			);
			path = Utilities;
			sourceTree = "<group>";
		};
		CE2D4D4F1C3F482100DBBF79 /* little_icon2 */ = {
			isa = PBXGroup;
			children = (
				CE2D4D501C3F482100DBBF79 /* images */,
			);
			path = little_icon2;
			sourceTree = "<group>";
		};
		CE2D4D501C3F482100DBBF79 /* images */ = {
			isa = PBXGroup;
			children = (
				CE2D4D511C3F482100DBBF79 /* little_icon_ballon.png */,
				CE2D4D521C3F482100DBBF79 /* little_icon_bear.png */,
				CE2D4D531C3F482100DBBF79 /* little_icon_bed.png */,
				CE2D4D541C3F482100DBBF79 /* little_icon_bell.png */,
				CE2D4D551C3F482100DBBF79 /* little_icon_bike.png */,
				CE2D4D561C3F482100DBBF79 /* little_icon_bowArrow.png */,
				CE2D4D571C3F482100DBBF79 /* little_icon_bowTie.png */,
				CE2D4D581C3F482100DBBF79 /* little_icon_bride.png */,
				CE2D4D591C3F482100DBBF79 /* little_icon_bridegroom.png */,
				CE2D4D5A1C3F482100DBBF79 /* little_icon_butterfly.png */,
				CE2D4D5B1C3F482100DBBF79 /* little_icon_cake.png */,
				CE2D4D5C1C3F482100DBBF79 /* little_icon_card.png */,
				CE2D4D5D1C3F482100DBBF79 /* little_icon_champagene.png */,
				CE2D4D5E1C3F482100DBBF79 /* little_icon_cheers.png */,
				CE2D4D5F1C3F482100DBBF79 /* little_icon_church.png */,
				CE2D4D601C3F482100DBBF79 /* little_icon_couple.png */,
				CE2D4D611C3F482100DBBF79 /* little_icon_dessert.png */,
				CE2D4D621C3F482100DBBF79 /* little_icon_dinner.png */,
				CE2D4D631C3F482100DBBF79 /* little_icon_dinnerCandle.png */,
				CE2D4D641C3F482100DBBF79 /* little_icon_dish.png */,
				CE2D4D651C3F482100DBBF79 /* little_icon_doorplate.png */,
				CE2D4D661C3F482100DBBF79 /* little_icon_doubleHeart.png */,
				CE2D4D671C3F482100DBBF79 /* little_icon_doubleRings.png */,
				CE2D4D681C3F482100DBBF79 /* little_icon_flower.png */,
				CE2D4D691C3F482100DBBF79 /* little_icon_gift.png */,
				CE2D4D6A1C3F482100DBBF79 /* little_icon_heartArrow.png */,
				CE2D4D6B1C3F482100DBBF79 /* little_icon_highHeels.png */,
				CE2D4D6C1C3F482100DBBF79 /* little_icon_house.png */,
				CE2D4D6D1C3F482100DBBF79 /* little_icon_leatherShoe.png */,
				CE2D4D6E1C3F482100DBBF79 /* little_icon_letter.png */,
				CE2D4D6F1C3F482100DBBF79 /* little_icon_list.png */,
				CE2D4D701C3F482100DBBF79 /* little_icon_location.png */,
				CE2D4D711C3F482100DBBF79 /* little_icon_lock.png */,
				CE2D4D721C3F482100DBBF79 /* little_icon_log.png */,
				CE2D4D731C3F482100DBBF79 /* little_icon_musicalNote.png */,
				CE2D4D741C3F482100DBBF79 /* little_icon_necklace.png */,
				CE2D4D751C3F482100DBBF79 /* little_icon_rainbow.png */,
				CE2D4D761C3F482100DBBF79 /* little_icon_ring.png */,
				CE2D4D771C3F482100DBBF79 /* little_icon_ringBox.png */,
				CE2D4D781C3F482100DBBF79 /* little_icon_rose.png */,
				CE2D4D791C3F482100DBBF79 /* little_icon_sex.png */,
				CE2D4D7A1C3F482100DBBF79 /* little_icon_talking.png */,
				CE2D4D7B1C3F482100DBBF79 /* little_icon_travellingCase.png */,
				CE2D4D7C1C3F482100DBBF79 /* little_icon_vedio.png */,
				CE2D4D7D1C3F482100DBBF79 /* little_icon_waitter.png */,
				CE2D4D7E1C3F482100DBBF79 /* little_icon_weddingCake.png */,
				CE2D4D7F1C3F482100DBBF79 /* little_icon_weddingDress.png */,
				CE2D4D801C3F482100DBBF79 /* little_icon_weddingGate.png */,
				CE2D4D811C3F482100DBBF79 /* little_icon_weddingOutfit.png */,
				CE2D4D821C3F482100DBBF79 /* little_icon_wine.png */,
			);
			path = images;
			sourceTree = "<group>";
		};
		CE2D4DB61C3F9EA300DBBF79 /* scene_thing */ = {
			isa = PBXGroup;
			children = (
				8CD9A1121CE2277300139BA2 /* teashop.png */,
				8CD9A1101CE221BF00139BA2 /* palace.png */,
				8CD9A10E1CE2208100139BA2 /* church.png */,
				8CBA54201CE0E18800727739 /* bus.png */,
				8CBA541E1CE0DA5C00727739 /* busBackground.png */,
				8C822D621CDF809A0061C2F3 /* scene_mountainBackground.png */,
				CE2D4DB71C3F9EA300DBBF79 /* scene_bigCloud.png */,
				CE2D4DB81C3F9EA300DBBF79 /* scene_littleCloud1.png */,
				CE2D4DB91C3F9EA300DBBF79 /* scene_littleCloud2.png */,
				CE2D4DBA1C3F9EA300DBBF79 /* scene_middleCloud.png */,
				CE2D4DBB1C3F9EA300DBBF79 /* scene_sun.png */,
			);
			path = scene_thing;
			sourceTree = "<group>";
		};
		CE2D4DC11C4111A200DBBF79 /* background */ = {
			isa = PBXGroup;
			children = (
				CE2D4DC21C4111A200DBBF79 /* backgroud_transparentNavigationbar.png */,
			);
			path = background;
			sourceTree = "<group>";
		};
		CE8140311C4C900500729368 /* Musics */ = {
			isa = PBXGroup;
			children = (
				CE8140321C4C900500729368 /* Geu Dae Wa Na.mp3 */,
				CE8140331C4C900500729368 /* Moonlight Shadow.mp3 */,
				CE8140341C4C900500729368 /* Na Ppeun Yeo Ja Ya .mp3 */,
				CE8140351C4C900500729368 /* 爱你.mp3 */,
			);
			path = Musics;
			sourceTree = "<group>";
		};
		CE903F171C082DBF00730C7A /* ViewModles */ = {
			isa = PBXGroup;
			children = (
			);
			path = ViewModles;
			sourceTree = "<group>";
		};
		CE903F181C082DBF00730C7A /* Views */ = {
			isa = PBXGroup;
			children = (
				CE903F191C082E0D00730C7A /* MainStoryView.h */,
				CE903F1A1C082E0D00730C7A /* MainStoryView.m */,
			);
			path = Views;
			sourceTree = "<group>";
		};
		CED48B191C0BFD9D0050B9FD /* MFCategories */ = {
			isa = PBXGroup;
			children = (
				CED48B1A1C0C02770050B9FD /* UIView+MFViewTools.h */,
				CED48B1B1C0C02770050B9FD /* UIView+MFViewTools.m */,
			);
			path = MFCategories;
			sourceTree = "<group>";
		};
		CED48B2E1C0EE36B0050B9FD /* Images */ = {
			isa = PBXGroup;
			children = (
				CE2D4DC11C4111A200DBBF79 /* background */,
				CE2D4DB61C3F9EA300DBBF79 /* scene_thing */,
				CE2D4D4F1C3F482100DBBF79 /* little_icon2 */,
				CE30592A1C33E95600ABD92A /* child.png */,
				CE3059281C33E8FF00ABD92A /* senior.png */,
				CE3059261C33E7C400ABD92A /* jenior.png */,
				CED48B2F1C0EE36B0050B9FD /* MainBackground.png */,
				CE30591B1C322A5200ABD92A /* button_setting@2x.png */,
			);
			path = Images;
			sourceTree = "<group>";
		};
		CEFE68161C0300B6003103B2 = {
			isa = PBXGroup;
			children = (
				CEFE68211C0300B6003103B2 /* MFCampaignEngagement */,
				CEFE68201C0300B6003103B2 /* Products */,
				107A17135F717B0A3A5BBA47 /* Pods */,
				5C75E8C427F830555D9EB755 /* Frameworks */,
			);
			sourceTree = "<group>";
		};
		CEFE68201C0300B6003103B2 /* Products */ = {
			isa = PBXGroup;
			children = (
				CEFE681F1C0300B6003103B2 /* MFCampaignEngagement.app */,
			);
			name = Products;
			sourceTree = "<group>";
		};
		CEFE68211C0300B6003103B2 /* MFCampaignEngagement */ = {
			isa = PBXGroup;
			children = (
				CEFE68251C0300B6003103B2 /* AppDelegate.h */,
				CEFE68261C0300B6003103B2 /* AppDelegate.m */,
				CEFE68281C0300B6003103B2 /* ViewController.h */,
				CEFE68291C0300B6003103B2 /* ViewController.m */,
				CE2D4DC51C43B07900DBBF79 /* MainScreenScrollView.h */,
				CE2D4DC61C43B07900DBBF79 /* MainScreenScrollView.m */,
				8C9CBB481C317FA10015D747 /* ChildhoodController.h */,
				8C9CBB491C317FA10015D747 /* ChildhoodController.m */,
				CE2D4DD11C44958100DBBF79 /* RomanticMusicHelper.h */,
				CE2D4DD21C44958100DBBF79 /* RomanticMusicHelper.m */,
				CE2D4DD41C44A33100DBBF79 /* DirectoryWatcher.h */,
				CE2D4DD51C44A33100DBBF79 /* DirectoryWatcher.m */,
				8CCF8AAC1C0C98A7003C1334 /* MFMacro.h */,
				8C9BC1D61C2FA8B90034849F /* Utilities */,
				CED48B191C0BFD9D0050B9FD /* MFCategories */,
				CE903F171C082DBF00730C7A /* ViewModles */,
				CE903F181C082DBF00730C7A /* Views */,
				CEFE682B1C0300B6003103B2 /* Main.storyboard */,
				CEFE682E1C0300B6003103B2 /* Assets.xcassets */,
				CEFE68301C0300B6003103B2 /* LaunchScreen.storyboard */,
				CEFE68331C0300B6003103B2 /* Info.plist */,
				CEFE68221C0300B6003103B2 /* Supporting Files */,
			);
			path = MFCampaignEngagement;
			sourceTree = "<group>";
		};
		CEFE68221C0300B6003103B2 /* Supporting Files */ = {
			isa = PBXGroup;
			children = (
				CE8140311C4C900500729368 /* Musics */,
				CED48B2E1C0EE36B0050B9FD /* Images */,
				CEFE68231C0300B6003103B2 /* main.m */,
			);
			name = "Supporting Files";
			sourceTree = "<group>";
		};
/* End PBXGroup section */

/* Begin PBXNativeTarget section */
		CEFE681E1C0300B6003103B2 /* MFCampaignEngagement */ = {
			isa = PBXNativeTarget;
			buildConfigurationList = CEFE68361C0300B6003103B2 /* Build configuration list for PBXNativeTarget "MFCampaignEngagement" */;
			buildPhases = (
				8D73F54595B0ECD61DE7A140 /* Check Pods Manifest.lock */,
				CEFE681B1C0300B6003103B2 /* Sources */,
				CEFE681C1C0300B6003103B2 /* Frameworks */,
				CEFE681D1C0300B6003103B2 /* Resources */,
				718E0A328A78BE6DEAEF708D /* Embed Pods Frameworks */,
				1F43A9B4796786B4F9B78EBA /* Copy Pods Resources */,
			);
			buildRules = (
			);
			dependencies = (
			);
			name = MFCampaignEngagement;
			productName = MFCampaignEngagement;
			productReference = CEFE681F1C0300B6003103B2 /* MFCampaignEngagement.app */;
			productType = "com.apple.product-type.application";
		};
/* End PBXNativeTarget section */

/* Begin PBXProject section */
		CEFE68171C0300B6003103B2 /* Project object */ = {
			isa = PBXProject;
			attributes = {
				LastUpgradeCheck = 0710;
				ORGANIZATIONNAME = MingFung;
				TargetAttributes = {
					CEFE681E1C0300B6003103B2 = {
						CreatedOnToolsVersion = 7.1;
						DevelopmentTeam = V26CYTSGYR;
					};
				};
			};
			buildConfigurationList = CEFE681A1C0300B6003103B2 /* Build configuration list for PBXProject "MFCampaignEngagement" */;
			compatibilityVersion = "Xcode 3.2";
			developmentRegion = English;
			hasScannedForEncodings = 0;
			knownRegions = (
				en,
				Base,
			);
			mainGroup = CEFE68161C0300B6003103B2;
			productRefGroup = CEFE68201C0300B6003103B2 /* Products */;
			projectDirPath = "";
			projectRoot = "";
			targets = (
				CEFE681E1C0300B6003103B2 /* MFCampaignEngagement */,
			);
		};
/* End PBXProject section */

/* Begin PBXResourcesBuildPhase section */
		CEFE681D1C0300B6003103B2 /* Resources */ = {
			isa = PBXResourcesBuildPhase;
			buildActionMask = 2147483647;
			files = (
				CE2D4DBD1C3F9EA300DBBF79 /* scene_littleCloud1.png in Resources */,
				CE30592B1C33E95600ABD92A /* child.png in Resources */,
				CE2D4DB01C3F482100DBBF79 /* little_icon_weddingCake.png in Resources */,
				CEFE68321C0300B6003103B2 /* LaunchScreen.storyboard in Resources */,
				CE2D4D871C3F482100DBBF79 /* little_icon_bike.png in Resources */,
				CE2D4D9B1C3F482100DBBF79 /* little_icon_gift.png in Resources */,
				8CBA54211CE0E18800727739 /* bus.png in Resources */,
				CE2D4DAE1C3F482100DBBF79 /* little_icon_vedio.png in Resources */,
				CE2D4DA91C3F482100DBBF79 /* little_icon_ringBox.png in Resources */,
				CE8140381C4C900500729368 /* Na Ppeun Yeo Ja Ya .mp3 in Resources */,
				CE2D4DB31C3F482100DBBF79 /* little_icon_weddingOutfit.png in Resources */,
				CE2D4DAA1C3F482100DBBF79 /* little_icon_rose.png in Resources */,
				CE2D4D8F1C3F482100DBBF79 /* little_icon_champagene.png in Resources */,
				CE2D4D9E1C3F482100DBBF79 /* little_icon_house.png in Resources */,
				CE2D4D971C3F482100DBBF79 /* little_icon_doorplate.png in Resources */,
				CE8140371C4C900500729368 /* Moonlight Shadow.mp3 in Resources */,
				CE2D4DA41C3F482100DBBF79 /* little_icon_log.png in Resources */,
				CE2D4D8A1C3F482100DBBF79 /* little_icon_bride.png in Resources */,
				CE2D4DA71C3F482100DBBF79 /* little_icon_rainbow.png in Resources */,
				CE2D4D9C1C3F482100DBBF79 /* little_icon_heartArrow.png in Resources */,
				CE2D4DAF1C3F482100DBBF79 /* little_icon_waitter.png in Resources */,
				CE2D4DB11C3F482100DBBF79 /* little_icon_weddingDress.png in Resources */,
				CE2D4DC01C3F9EA300DBBF79 /* scene_sun.png in Resources */,
				8CBA541F1CE0DA5C00727739 /* busBackground.png in Resources */,
				CE2D4DA61C3F482100DBBF79 /* little_icon_necklace.png in Resources */,
				CE3059291C33E8FF00ABD92A /* senior.png in Resources */,
				CE2D4DA31C3F482100DBBF79 /* little_icon_lock.png in Resources */,
				CE2D4DBC1C3F9EA300DBBF79 /* scene_bigCloud.png in Resources */,
				CE2D4D851C3F482100DBBF79 /* little_icon_bed.png in Resources */,
				CE2D4DAB1C3F482100DBBF79 /* little_icon_sex.png in Resources */,
				CE2D4DB21C3F482100DBBF79 /* little_icon_weddingGate.png in Resources */,
				CEFE682F1C0300B6003103B2 /* Assets.xcassets in Resources */,
				CE2D4D841C3F482100DBBF79 /* little_icon_bear.png in Resources */,
				CE2D4D881C3F482100DBBF79 /* little_icon_bowArrow.png in Resources */,
				CE8140361C4C900500729368 /* Geu Dae Wa Na.mp3 in Resources */,
				CE2D4D9D1C3F482100DBBF79 /* little_icon_highHeels.png in Resources */,
				CE2D4D891C3F482100DBBF79 /* little_icon_bowTie.png in Resources */,
				CED48B301C0EE36B0050B9FD /* MainBackground.png in Resources */,
				CE2D4DC31C4111A200DBBF79 /* backgroud_transparentNavigationbar.png in Resources */,
				8CD9A1111CE221BF00139BA2 /* palace.png in Resources */,
				CE2D4DA51C3F482100DBBF79 /* little_icon_musicalNote.png in Resources */,
				CE2D4DA21C3F482100DBBF79 /* little_icon_location.png in Resources */,
				CE2D4D9A1C3F482100DBBF79 /* little_icon_flower.png in Resources */,
				CE2D4D831C3F482100DBBF79 /* little_icon_ballon.png in Resources */,
				CE2D4D991C3F482100DBBF79 /* little_icon_doubleRings.png in Resources */,
				CE2D4D9F1C3F482100DBBF79 /* little_icon_leatherShoe.png in Resources */,
				CE30591C1C322A5200ABD92A /* button_setting@2x.png in Resources */,
				CE2D4D921C3F482100DBBF79 /* little_icon_couple.png in Resources */,
				8CD9A1131CE2277300139BA2 /* teashop.png in Resources */,
				CE8140391C4C900500729368 /* 爱你.mp3 in Resources */,
				CE2D4D951C3F482100DBBF79 /* little_icon_dinnerCandle.png in Resources */,
				CE2D4DAC1C3F482100DBBF79 /* little_icon_talking.png in Resources */,
				CE3059271C33E7C400ABD92A /* jenior.png in Resources */,
				CE2D4DBF1C3F9EA300DBBF79 /* scene_middleCloud.png in Resources */,
				CE2D4D941C3F482100DBBF79 /* little_icon_dinner.png in Resources */,
				CE2D4D8E1C3F482100DBBF79 /* little_icon_card.png in Resources */,
				CE2D4D901C3F482100DBBF79 /* little_icon_cheers.png in Resources */,
				CE2D4DA01C3F482100DBBF79 /* little_icon_letter.png in Resources */,
				CE2D4D961C3F482100DBBF79 /* little_icon_dish.png in Resources */,
				CE2D4D8C1C3F482100DBBF79 /* little_icon_butterfly.png in Resources */,
				8CD9A10F1CE2208100139BA2 /* church.png in Resources */,
				CEFE682D1C0300B6003103B2 /* Main.storyboard in Resources */,
				8C822D631CDF809A0061C2F3 /* scene_mountainBackground.png in Resources */,
				CE2D4D911C3F482100DBBF79 /* little_icon_church.png in Resources */,
				CE2D4D8D1C3F482100DBBF79 /* little_icon_cake.png in Resources */,
				CE2D4DA81C3F482100DBBF79 /* little_icon_ring.png in Resources */,
				CE2D4DBE1C3F9EA300DBBF79 /* scene_littleCloud2.png in Resources */,
				CE2D4DA11C3F482100DBBF79 /* little_icon_list.png in Resources */,
				CE2D4D931C3F482100DBBF79 /* little_icon_dessert.png in Resources */,
				CE2D4DB41C3F482100DBBF79 /* little_icon_wine.png in Resources */,
				CE2D4DAD1C3F482100DBBF79 /* little_icon_travellingCase.png in Resources */,
				CE2D4D861C3F482100DBBF79 /* little_icon_bell.png in Resources */,
				CE2D4D981C3F482100DBBF79 /* little_icon_doubleHeart.png in Resources */,
				CE2D4D8B1C3F482100DBBF79 /* little_icon_bridegroom.png in Resources */,
			);
			runOnlyForDeploymentPostprocessing = 0;
		};
/* End PBXResourcesBuildPhase section */

/* Begin PBXShellScriptBuildPhase section */
		1F43A9B4796786B4F9B78EBA /* Copy Pods Resources */ = {
			isa = PBXShellScriptBuildPhase;
			buildActionMask = 2147483647;
			files = (
			);
			inputPaths = (
			);
			name = "Copy Pods Resources";
			outputPaths = (
			);
			runOnlyForDeploymentPostprocessing = 0;
			shellPath = /bin/sh;
			shellScript = "\"${SRCROOT}/Pods/Target Support Files/Pods-MFCampaignEngagement/Pods-MFCampaignEngagement-resources.sh\"\n";
			showEnvVarsInLog = 0;
		};
		718E0A328A78BE6DEAEF708D /* Embed Pods Frameworks */ = {
			isa = PBXShellScriptBuildPhase;
			buildActionMask = 2147483647;
			files = (
			);
			inputPaths = (
			);
			name = "Embed Pods Frameworks";
			outputPaths = (
			);
			runOnlyForDeploymentPostprocessing = 0;
			shellPath = /bin/sh;
			shellScript = "\"${SRCROOT}/Pods/Target Support Files/Pods-MFCampaignEngagement/Pods-MFCampaignEngagement-frameworks.sh\"\n";
			showEnvVarsInLog = 0;
		};
		8D73F54595B0ECD61DE7A140 /* Check Pods Manifest.lock */ = {
			isa = PBXShellScriptBuildPhase;
			buildActionMask = 2147483647;
			files = (
			);
			inputPaths = (
			);
			name = "Check Pods Manifest.lock";
			outputPaths = (
			);
			runOnlyForDeploymentPostprocessing = 0;
			shellPath = /bin/sh;
			shellScript = "diff \"${PODS_ROOT}/../Podfile.lock\" \"${PODS_ROOT}/Manifest.lock\" > /dev/null\nif [[ $? != 0 ]] ; then\n    cat << EOM\nerror: The sandbox is not in sync with the Podfile.lock. Run 'pod install' or update your CocoaPods installation.\nEOM\n    exit 1\nfi\n";
			showEnvVarsInLog = 0;
		};
/* End PBXShellScriptBuildPhase section */

/* Begin PBXSourcesBuildPhase section */
		CEFE681B1C0300B6003103B2 /* Sources */ = {
			isa = PBXSourcesBuildPhase;
			buildActionMask = 2147483647;
			files = (
				CE2D4DC71C43B07900DBBF79 /* MainScreenScrollView.m in Sources */,
				CE2D4DD31C44958100DBBF79 /* RomanticMusicHelper.m in Sources */,
				CE903F1B1C082E0D00730C7A /* MainStoryView.m in Sources */,
				8C9BC1D91C2FA9580034849F /* MFAlertWindow.m in Sources */,
				CEFE682A1C0300B6003103B2 /* ViewController.m in Sources */,
				8C9CBB4A1C317FA10015D747 /* ChildhoodController.m in Sources */,
				CEFE68271C0300B6003103B2 /* AppDelegate.m in Sources */,
				CED48B1C1C0C02770050B9FD /* UIView+MFViewTools.m in Sources */,
				CE2D4DD61C44A33100DBBF79 /* DirectoryWatcher.m in Sources */,
				CEFE68241C0300B6003103B2 /* main.m in Sources */,
			);
			runOnlyForDeploymentPostprocessing = 0;
		};
/* End PBXSourcesBuildPhase section */

/* Begin PBXVariantGroup section */
		CEFE682B1C0300B6003103B2 /* Main.storyboard */ = {
			isa = PBXVariantGroup;
			children = (
				CEFE682C1C0300B6003103B2 /* Base */,
			);
			name = Main.storyboard;
			sourceTree = "<group>";
		};
		CEFE68301C0300B6003103B2 /* LaunchScreen.storyboard */ = {
			isa = PBXVariantGroup;
			children = (
				CEFE68311C0300B6003103B2 /* Base */,
			);
			name = LaunchScreen.storyboard;
			sourceTree = "<group>";
		};
/* End PBXVariantGroup section */

/* Begin XCBuildConfiguration section */
		CEFE68341C0300B6003103B2 /* Debug */ = {
			isa = XCBuildConfiguration;
			buildSettings = {
				ALWAYS_SEARCH_USER_PATHS = NO;
				CLANG_CXX_LANGUAGE_STANDARD = "gnu++0x";
				CLANG_CXX_LIBRARY = "libc++";
				CLANG_ENABLE_MODULES = YES;
				CLANG_ENABLE_OBJC_ARC = YES;
				CLANG_WARN_BOOL_CONVERSION = YES;
				CLANG_WARN_CONSTANT_CONVERSION = YES;
				CLANG_WARN_DIRECT_OBJC_ISA_USAGE = YES_ERROR;
				CLANG_WARN_EMPTY_BODY = YES;
				CLANG_WARN_ENUM_CONVERSION = YES;
				CLANG_WARN_INT_CONVERSION = YES;
				CLANG_WARN_OBJC_ROOT_CLASS = YES_ERROR;
				CLANG_WARN_UNREACHABLE_CODE = YES;
				CLANG_WARN__DUPLICATE_METHOD_MATCH = YES;
				"CODE_SIGN_IDENTITY[sdk=iphoneos*]" = "iPhone Developer";
				COPY_PHASE_STRIP = NO;
				DEBUG_INFORMATION_FORMAT = dwarf;
				ENABLE_STRICT_OBJC_MSGSEND = YES;
				ENABLE_TESTABILITY = YES;
				GCC_C_LANGUAGE_STANDARD = gnu99;
				GCC_DYNAMIC_NO_PIC = NO;
				GCC_NO_COMMON_BLOCKS = YES;
				GCC_OPTIMIZATION_LEVEL = 0;
				GCC_PREPROCESSOR_DEFINITIONS = (
					"DEBUG=1",
					"$(inherited)",
				);
				GCC_WARN_64_TO_32_BIT_CONVERSION = YES;
				GCC_WARN_ABOUT_RETURN_TYPE = YES_ERROR;
				GCC_WARN_UNDECLARED_SELECTOR = YES;
				GCC_WARN_UNINITIALIZED_AUTOS = YES_AGGRESSIVE;
				GCC_WARN_UNUSED_FUNCTION = YES;
				GCC_WARN_UNUSED_VARIABLE = YES;
				IPHONEOS_DEPLOYMENT_TARGET = 9.1;
				MTL_ENABLE_DEBUG_INFO = YES;
				ONLY_ACTIVE_ARCH = YES;
				SDKROOT = iphoneos;
				TARGETED_DEVICE_FAMILY = "1,2";
			};
			name = Debug;
		};
		CEFE68351C0300B6003103B2 /* Release */ = {
			isa = XCBuildConfiguration;
			buildSettings = {
				ALWAYS_SEARCH_USER_PATHS = NO;
				CLANG_CXX_LANGUAGE_STANDARD = "gnu++0x";
				CLANG_CXX_LIBRARY = "libc++";
				CLANG_ENABLE_MODULES = YES;
				CLANG_ENABLE_OBJC_ARC = YES;
				CLANG_WARN_BOOL_CONVERSION = YES;
				CLANG_WARN_CONSTANT_CONVERSION = YES;
				CLANG_WARN_DIRECT_OBJC_ISA_USAGE = YES_ERROR;
				CLANG_WARN_EMPTY_BODY = YES;
				CLANG_WARN_ENUM_CONVERSION = YES;
				CLANG_WARN_INT_CONVERSION = YES;
				CLANG_WARN_OBJC_ROOT_CLASS = YES_ERROR;
				CLANG_WARN_UNREACHABLE_CODE = YES;
				CLANG_WARN__DUPLICATE_METHOD_MATCH = YES;
				"CODE_SIGN_IDENTITY[sdk=iphoneos*]" = "iPhone Developer";
				COPY_PHASE_STRIP = NO;
				DEBUG_INFORMATION_FORMAT = "dwarf-with-dsym";
				ENABLE_NS_ASSERTIONS = NO;
				ENABLE_STRICT_OBJC_MSGSEND = YES;
				GCC_C_LANGUAGE_STANDARD = gnu99;
				GCC_NO_COMMON_BLOCKS = YES;
				GCC_WARN_64_TO_32_BIT_CONVERSION = YES;
				GCC_WARN_ABOUT_RETURN_TYPE = YES_ERROR;
				GCC_WARN_UNDECLARED_SELECTOR = YES;
				GCC_WARN_UNINITIALIZED_AUTOS = YES_AGGRESSIVE;
				GCC_WARN_UNUSED_FUNCTION = YES;
				GCC_WARN_UNUSED_VARIABLE = YES;
				IPHONEOS_DEPLOYMENT_TARGET = 9.1;
				MTL_ENABLE_DEBUG_INFO = NO;
				SDKROOT = iphoneos;
				TARGETED_DEVICE_FAMILY = "1,2";
				VALIDATE_PRODUCT = YES;
			};
			name = Release;
		};
		CEFE68371C0300B6003103B2 /* Debug */ = {
			isa = XCBuildConfiguration;
			baseConfigurationReference = C262448DF578C297F1E25056 /* Pods-MFCampaignEngagement.debug.xcconfig */;
			buildSettings = {
				ALWAYS_SEARCH_USER_PATHS = YES;
				ASSETCATALOG_COMPILER_APPICON_NAME = AppIcon;
				ASSETCATALOG_COMPILER_LAUNCHIMAGE_NAME = LaunchImage;
				CODE_SIGN_IDENTITY = "iPhone Developer: bambino_love@163.com (JJGF342DFK)";
				"CODE_SIGN_IDENTITY[sdk=iphoneos*]" = "iPhone Developer: bambino_love@163.com (JJGF342DFK)";
				HEADER_SEARCH_PATHS = (
					"$(inherited)",
					"\"${PODS_ROOT}/Headers/Public\"",
					"\"${PODS_ROOT}/Headers/Public/AFDownloadRequestOperation\"",
					"\"${PODS_ROOT}/Headers/Public/AFNetworking\"",
					"\"${PODS_ROOT}/Headers/Public/FMDB\"",
					"\"${PODS_ROOT}/Headers/Public/Masonry\"",
					"\"${PODS_ROOT}/Headers/Public/YTKNetwork\"",
				);
				INFOPLIST_FILE = MFCampaignEngagement/Info.plist;
				LD_RUNPATH_SEARCH_PATHS = "$(inherited) @executable_path/Frameworks";
				PRODUCT_BUNDLE_IDENTIFIER = MF.MFCampaignEngagement;
				PRODUCT_NAME = "$(TARGET_NAME)";
				PROVISIONING_PROFILE = "73684307-20f0-4312-93cc-c60cba00f373";
				USER_HEADER_SEARCH_PATHS = "$(SRCROOT)/** \"$(SRCROOT)/MFCampaignEngagement/MFMacro.h\"";
			};
			name = Debug;
		};
		CEFE68381C0300B6003103B2 /* Release */ = {
			isa = XCBuildConfiguration;
			baseConfigurationReference = 5FBD066472EEE799CA687813 /* Pods-MFCampaignEngagement.release.xcconfig */;
			buildSettings = {
				ALWAYS_SEARCH_USER_PATHS = YES;
				ASSETCATALOG_COMPILER_APPICON_NAME = AppIcon;
				ASSETCATALOG_COMPILER_LAUNCHIMAGE_NAME = LaunchImage;
				CODE_SIGN_IDENTITY = "iPhone Developer: bambino_love@163.com (JJGF342DFK)";
				"CODE_SIGN_IDENTITY[sdk=iphoneos*]" = "iPhone Developer: bambino_love@163.com (JJGF342DFK)";
				HEADER_SEARCH_PATHS = (
					"$(inherited)",
					"\"${PODS_ROOT}/Headers/Public\"",
					"\"${PODS_ROOT}/Headers/Public/AFDownloadRequestOperation\"",
					"\"${PODS_ROOT}/Headers/Public/AFNetworking\"",
					"\"${PODS_ROOT}/Headers/Public/FMDB\"",
					"\"${PODS_ROOT}/Headers/Public/Masonry\"",
					"\"${PODS_ROOT}/Headers/Public/YTKNetwork\"",
				);
				INFOPLIST_FILE = MFCampaignEngagement/Info.plist;
				LD_RUNPATH_SEARCH_PATHS = "$(inherited) @executable_path/Frameworks";
				PRODUCT_BUNDLE_IDENTIFIER = MF.MFCampaignEngagement;
				PRODUCT_NAME = "$(TARGET_NAME)";
				PROVISIONING_PROFILE = "73684307-20f0-4312-93cc-c60cba00f373";
				USER_HEADER_SEARCH_PATHS = "$(SRCROOT)/** \"$(SRCROOT)/MFCampaignEngagement/MFMacro.h\"";
			};
			name = Release;
		};
/* End XCBuildConfiguration section */

/* Begin XCConfigurationList section */
		CEFE681A1C0300B6003103B2 /* Build configuration list for PBXProject "MFCampaignEngagement" */ = {
			isa = XCConfigurationList;
			buildConfigurations = (
				CEFE68341C0300B6003103B2 /* Debug */,
				CEFE68351C0300B6003103B2 /* Release */,
			);
			defaultConfigurationIsVisible = 0;
			defaultConfigurationName = Release;
		};
		CEFE68361C0300B6003103B2 /* Build configuration list for PBXNativeTarget "MFCampaignEngagement" */ = {
			isa = XCConfigurationList;
			buildConfigurations = (
				CEFE68371C0300B6003103B2 /* Debug */,
				CEFE68381C0300B6003103B2 /* Release */,
			);
			defaultConfigurationIsVisible = 0;
			defaultConfigurationName = Release;
		};
/* End XCConfigurationList section */
	};
	rootObject = CEFE68171C0300B6003103B2 /* Project object */;
}
